schema: '2.0'
stages:
  preprocess:
    cmd: python src/preprocessing.py
    deps:
    - path: data/raw/sensor_data.csv
      hash: md5
      md5: f0adaa9c5e25366c6df1cc2684479871
      size: 522048
    - path: src/preprocessing.py
      hash: md5
      md5: 9f3a16b5065bd4d1f829ab7f9f39cb4e
      size: 1869
    outs:
    - path: data/processed/cleaned_data.csv
      hash: md5
      md5: c9228722de7a1b6f83165e8a0ec225ed
      size: 1120249
    - path: data/processed/scaling_params.joblib
      hash: md5
      md5: 4ab84c710bb85b307b4d803a25c38e78
      size: 1071
  train:
    cmd: python src/train.py
    deps:
    - path: data/processed/cleaned_data.csv
      hash: md5
      md5: c9228722de7a1b6f83165e8a0ec225ed
      size: 1120249
    - path: src/train.py
      hash: md5
      md5: cd6fd0ce085b674b24752447c6e53b82
      size: 4269
    outs:
    - path: models/model.pkl
      hash: md5
      md5: e16dad0061d384dbcad1f018b5a440d7
      size: 1690441
    - path: reports/confusion_matrix.csv
      hash: md5
      md5: de6a996b3d27744e022cd5e412c645de
      size: 8017
    - path: reports/metrics.json
      hash: md5
      md5: a48f4558f86bcd669fa59829093b5b9d
      size: 145
